// !$*UTF8*$!
{
	archiveVersion = 1;
	classes = {
	};
	objectVersion = 46;
	objects = {

/* Begin PBXBuildFile section */
		17C8B05BAD7C3A3BD20A33E9 /* grammar.cpp in Sources */ = {isa = PBXBuildFile; fileRef = 17C8BAA28E70AE4A3635694F /* grammar.cpp */; };
		17C8B06ACA91B5D846C74AC2 /* rule.cpp in Sources */ = {isa = PBXBuildFile; fileRef = 17C8B75AA06DC73D9DB83F2E /* rule.cpp */; };
		17C8B989B4C63E3F28CD53B9 /* parser.cpp in Sources */ = {isa = PBXBuildFile; fileRef = 17C8B9E03C8F1B5B6C516F2E /* parser.cpp */; };
		17C8BEC4304E520ED79F6EF1 /* ast.cpp in Sources */ = {isa = PBXBuildFile; fileRef = 17C8B04BAE9060AEAEA2ED40 /* ast.cpp */; };
		B56B1302187BCC45006962F7 /* main.cpp in Sources */ = {isa = PBXBuildFile; fileRef = B56B1301187BCC45006962F7 /* main.cpp */; };
/* End PBXBuildFile section */

/* Begin PBXCopyFilesBuildPhase section */
		B56B12FC187BCC45006962F7 /* CopyFiles */ = {
			isa = PBXCopyFilesBuildPhase;
			buildActionMask = 2147483647;
			dstPath = /usr/share/man/man1/;
			dstSubfolderSpec = 0;
			files = (
			);
			runOnlyForDeploymentPostprocessing = 1;
		};
/* End PBXCopyFilesBuildPhase section */

/* Begin PBXFileReference section */
		17C8B04BAE9060AEAEA2ED40 /* ast.cpp */ = {isa = PBXFileReference; fileEncoding = 4; lastKnownFileType = sourcecode.cpp.cpp; path = ast.cpp; sourceTree = "<group>"; };
		17C8B09358C336CAD5D12CE0 /* context.h */ = {isa = PBXFileReference; fileEncoding = 4; lastKnownFileType = sourcecode.c.h; path = context.h; sourceTree = "<group>"; };
		17C8B1E521E51DEFA2876DD6 /* allTests.h */ = {isa = PBXFileReference; fileEncoding = 4; lastKnownFileType = sourcecode.c.h; path = allTests.h; sourceTree = "<group>"; };
		17C8B250D3240057B480421E /* source.h */ = {isa = PBXFileReference; fileEncoding = 4; lastKnownFileType = sourcecode.c.h; path = source.h; sourceTree = "<group>"; };
		17C8B40AA0551369A13BBCB4 /* parseExprTest.h */ = {isa = PBXFileReference; fileEncoding = 4; lastKnownFileType = sourcecode.c.h; path = parseExprTest.h; sourceTree = "<group>"; };
		17C8B457C2DB9D50D0FF6345 /* eval.h */ = {isa = PBXFileReference; fileEncoding = 4; lastKnownFileType = sourcecode.c.h; path = eval.h; sourceTree = "<group>"; };
		17C8B638C78654930F8E74DA /* ast.h */ = {isa = PBXFileReference; fileEncoding = 4; lastKnownFileType = sourcecode.c.h; path = ast.h; sourceTree = "<group>"; };
		17C8B6AD7C727E7C7685FD51 /* error.h */ = {isa = PBXFileReference; fileEncoding = 4; lastKnownFileType = sourcecode.c.h; path = error.h; sourceTree = "<group>"; };
		17C8B717B2D67D8E3C38E4B9 /* parseStringTest.h */ = {isa = PBXFileReference; fileEncoding = 4; lastKnownFileType = sourcecode.c.h; path = parseStringTest.h; sourceTree = "<group>"; };
		17C8B726C890405F12E7DE98 /* codeTest.h */ = {isa = PBXFileReference; fileEncoding = 4; lastKnownFileType = sourcecode.c.h; path = codeTest.h; sourceTree = "<group>"; };
		17C8B75AA06DC73D9DB83F2E /* rule.cpp */ = {isa = PBXFileReference; fileEncoding = 4; lastKnownFileType = sourcecode.cpp.cpp; path = rule.cpp; sourceTree = "<group>"; };
		17C8B977A64AB22D062D0D6C /* parseValueTest.h */ = {isa = PBXFileReference; fileEncoding = 4; lastKnownFileType = sourcecode.c.h; path = parseValueTest.h; sourceTree = "<group>"; };
		17C8B9A61C9D256E09DBFCC4 /* rule.h */ = {isa = PBXFileReference; fileEncoding = 4; lastKnownFileType = sourcecode.c.h; path = rule.h; sourceTree = "<group>"; };
		17C8B9E03C8F1B5B6C516F2E /* parser.cpp */ = {isa = PBXFileReference; fileEncoding = 4; lastKnownFileType = sourcecode.cpp.cpp; path = parser.cpp; sourceTree = "<group>"; };
		17C8BAA28E70AE4A3635694F /* grammar.cpp */ = {isa = PBXFileReference; fileEncoding = 4; lastKnownFileType = sourcecode.cpp.cpp; path = grammar.cpp; sourceTree = "<group>"; };
		17C8BAA5E5B6B51256D524E3 /* parseInstructionTest.h */ = {isa = PBXFileReference; fileEncoding = 4; lastKnownFileType = sourcecode.c.h; path = parseInstructionTest.h; sourceTree = "<group>"; };
		17C8BB0308DA152547F9A605 /* parseNumberTest.h */ = {isa = PBXFileReference; fileEncoding = 4; lastKnownFileType = sourcecode.c.h; path = parseNumberTest.h; sourceTree = "<group>"; };
		17C8BB7BF0296384A0FFA6D4 /* symtab.h */ = {isa = PBXFileReference; fileEncoding = 4; lastKnownFileType = sourcecode.c.h; path = symtab.h; sourceTree = "<group>"; };
		17C8BBF3C06F948BC3BC26D2 /* test.h */ = {isa = PBXFileReference; fileEncoding = 4; lastKnownFileType = sourcecode.c.h; path = test.h; sourceTree = "<group>"; };
		17C8BC4588F1037D6D182A86 /* parser.h */ = {isa = PBXFileReference; fileEncoding = 4; lastKnownFileType = sourcecode.c.h; path = parser.h; sourceTree = "<group>"; };
		17C8BCFD6C432E54332485A1 /* base.h */ = {isa = PBXFileReference; fileEncoding = 4; lastKnownFileType = sourcecode.c.h; path = base.h; sourceTree = "<group>"; };
		17C8BDC8F81FEB2AEC0DAA50 /* grammar.h */ = {isa = PBXFileReference; fileEncoding = 4; lastKnownFileType = sourcecode.c.h; path = grammar.h; sourceTree = "<group>"; };
		17C8BDDFE01973757764D03B /* parseTermTest.h */ = {isa = PBXFileReference; fileEncoding = 4; lastKnownFileType = sourcecode.c.h; path = parseTermTest.h; sourceTree = "<group>"; };
		17C8BE0468768F1EF8AC65EA /* quark.h */ = {isa = PBXFileReference; fileEncoding = 4; lastKnownFileType = sourcecode.c.h; path = quark.h; sourceTree = "<group>"; };
		B56B12FE187BCC45006962F7 /* as65 */ = {isa = PBXFileReference; explicitFileType = "compiled.mach-o.executable"; includeInIndex = 0; path = as65; sourceTree = BUILT_PRODUCTS_DIR; };
		B56B1301187BCC45006962F7 /* main.cpp */ = {isa = PBXFileReference; lastKnownFileType = sourcecode.cpp.cpp; path = main.cpp; sourceTree = "<group>"; };
		B56B130B187BCCA5006962F7 /* llvm.xcconfig */ = {isa = PBXFileReference; fileEncoding = 4; lastKnownFileType = text.xcconfig; path = llvm.xcconfig; sourceTree = "<group>"; };
/* End PBXFileReference section */

/* Begin PBXFrameworksBuildPhase section */
		B56B12FB187BCC45006962F7 /* Frameworks */ = {
			isa = PBXFrameworksBuildPhase;
			buildActionMask = 2147483647;
			files = (
			);
			runOnlyForDeploymentPostprocessing = 0;
		};
/* End PBXFrameworksBuildPhase section */

/* Begin PBXGroup section */
		17C8B047DCE9986F9A42091B /* test */ = {
			isa = PBXGroup;
			children = (
				17C8BAA28E70AE4A3635694F /* grammar.cpp */,
				17C8BBF3C06F948BC3BC26D2 /* test.h */,
			);
			path = test;
			sourceTree = "<group>";
		};
		17C8B2C5DC42DC576C5D0862 /* tests */ = {
			isa = PBXGroup;
			children = (
				17C8B1E521E51DEFA2876DD6 /* allTests.h */,
				17C8B40AA0551369A13BBCB4 /* parseExprTest.h */,
				17C8B717B2D67D8E3C38E4B9 /* parseStringTest.h */,
				17C8BB0308DA152547F9A605 /* parseNumberTest.h */,
				17C8BDDFE01973757764D03B /* parseTermTest.h */,
				17C8B977A64AB22D062D0D6C /* parseValueTest.h */,
				17C8BAA5E5B6B51256D524E3 /* parseInstructionTest.h */,
				17C8B726C890405F12E7DE98 /* codeTest.h */,
			);
			path = tests;
			sourceTree = "<group>";
		};
		17C8BCD878DBA9981B2A4DA4 /* quark */ = {
			isa = PBXGroup;
			children = (
				17C8BE0468768F1EF8AC65EA /* quark.h */,
				17C8BDC8F81FEB2AEC0DAA50 /* grammar.h */,
				17C8B9A61C9D256E09DBFCC4 /* rule.h */,
				17C8B250D3240057B480421E /* source.h */,
				17C8B047DCE9986F9A42091B /* test */,
				17C8B75AA06DC73D9DB83F2E /* rule.cpp */,
				17C8BB7BF0296384A0FFA6D4 /* symtab.h */,
				17C8B09358C336CAD5D12CE0 /* context.h */,
			);
			path = quark;
			sourceTree = "<group>";
		};
		B56B12F5187BCC45006962F7 = {
			isa = PBXGroup;
			children = (
				B56B130B187BCCA5006962F7 /* llvm.xcconfig */,
				B56B1300187BCC45006962F7 /* as65 */,
				B56B12FF187BCC45006962F7 /* Products */,
			);
			sourceTree = "<group>";
		};
		B56B12FF187BCC45006962F7 /* Products */ = {
			isa = PBXGroup;
			children = (
				B56B12FE187BCC45006962F7 /* as65 */,
			);
			name = Products;
			sourceTree = "<group>";
		};
		B56B1300187BCC45006962F7 /* as65 */ = {
			isa = PBXGroup;
			children = (
				B56B1301187BCC45006962F7 /* main.cpp */,
				17C8BC4588F1037D6D182A86 /* parser.h */,
				17C8BCFD6C432E54332485A1 /* base.h */,
				17C8B2C5DC42DC576C5D0862 /* tests */,
				17C8B638C78654930F8E74DA /* ast.h */,
				17C8B457C2DB9D50D0FF6345 /* eval.h */,
				17C8B04BAE9060AEAEA2ED40 /* ast.cpp */,
				17C8B6AD7C727E7C7685FD51 /* error.h */,
				17C8BCD878DBA9981B2A4DA4 /* quark */,
				17C8B9E03C8F1B5B6C516F2E /* parser.cpp */,
			);
			path = as65;
			sourceTree = "<group>";
		};
/* End PBXGroup section */

/* Begin PBXNativeTarget section */
		B56B12FD187BCC45006962F7 /* as65 */ = {
			isa = PBXNativeTarget;
			buildConfigurationList = B56B1307187BCC45006962F7 /* Build configuration list for PBXNativeTarget "as65" */;
			buildPhases = (
				B56B130A187BCC58006962F7 /* ShellScript */,
				B56B12FA187BCC45006962F7 /* Sources */,
				B56B12FB187BCC45006962F7 /* Frameworks */,
				B56B12FC187BCC45006962F7 /* CopyFiles */,
			);
			buildRules = (
			);
			dependencies = (
			);
			name = as65;
			productName = as65;
			productReference = B56B12FE187BCC45006962F7 /* as65 */;
			productType = "com.apple.product-type.tool";
		};
/* End PBXNativeTarget section */

/* Begin PBXProject section */
		B56B12F6187BCC45006962F7 /* Project object */ = {
			isa = PBXProject;
			attributes = {
				LastUpgradeCheck = 0500;
				ORGANIZATIONNAME = bronzecastle;
			};
			buildConfigurationList = B56B12F9187BCC45006962F7 /* Build configuration list for PBXProject "as65" */;
			compatibilityVersion = "Xcode 3.2";
			developmentRegion = English;
			hasScannedForEncodings = 0;
			knownRegions = (
				en,
			);
			mainGroup = B56B12F5187BCC45006962F7;
			productRefGroup = B56B12FF187BCC45006962F7 /* Products */;
			projectDirPath = "";
			projectRoot = "";
			targets = (
				B56B12FD187BCC45006962F7 /* as65 */,
			);
		};
/* End PBXProject section */

/* Begin PBXShellScriptBuildPhase section */
		B56B130A187BCC58006962F7 /* ShellScript */ = {
			isa = PBXShellScriptBuildPhase;
			buildActionMask = 2147483647;
			files = (
			);
			inputPaths = (
			);
			outputPaths = (
				llvm.xcconfig,
			);
			runOnlyForDeploymentPostprocessing = 0;
			shellPath = /bin/sh;
			shellScript = "LLVM_XCCONFIG=\"llvm.xcconfig\"\nLLVM_CXXFLAGS=`/opt/llvm-3.4/bin/llvm-config --cflags`\nLLVM_LDFLAGS=`/opt/llvm-3.4/bin/llvm-config --ldflags`\" \"`/opt/llvm-3.4/bin/llvm-config --libs core`\necho \"// Configuration file for LLVM settings, generated as a build phase.\" > $LLVM_XCCONFIG\necho \"LLVM_CXXFLAGS = $LLVM_CXXFLAGS\" >> $LLVM_XCCONFIG\necho \"LLVM_LDFLAGS = $LLVM_LDFLAGS\" >> $LLVM_XCCONFIG";
		};
/* End PBXShellScriptBuildPhase section */

/* Begin PBXSourcesBuildPhase section */
		B56B12FA187BCC45006962F7 /* Sources */ = {
			isa = PBXSourcesBuildPhase;
			buildActionMask = 2147483647;
			files = (
				B56B1302187BCC45006962F7 /* main.cpp in Sources */,
				17C8BEC4304E520ED79F6EF1 /* ast.cpp in Sources */,
				17C8B05BAD7C3A3BD20A33E9 /* grammar.cpp in Sources */,
				17C8B06ACA91B5D846C74AC2 /* rule.cpp in Sources */,
				17C8B989B4C63E3F28CD53B9 /* parser.cpp in Sources */,
			);
			runOnlyForDeploymentPostprocessing = 0;
		};
/* End PBXSourcesBuildPhase section */

/* Begin XCBuildConfiguration section */
		B56B1305187BCC45006962F7 /* Debug */ = {
			isa = XCBuildConfiguration;
			buildSettings = {
				ALWAYS_SEARCH_USER_PATHS = NO;
				CLANG_CXX_LANGUAGE_STANDARD = "gnu++0x";
				CLANG_CXX_LIBRARY = "libc++";
				CLANG_ENABLE_OBJC_ARC = YES;
				CLANG_WARN_BOOL_CONVERSION = YES;
				CLANG_WARN_CONSTANT_CONVERSION = YES;
				CLANG_WARN_DIRECT_OBJC_ISA_USAGE = YES_ERROR;
				CLANG_WARN_EMPTY_BODY = YES;
				CLANG_WARN_ENUM_CONVERSION = YES;
				CLANG_WARN_INT_CONVERSION = YES;
				CLANG_WARN_OBJC_ROOT_CLASS = YES_ERROR;
				CLANG_WARN__DUPLICATE_METHOD_MATCH = YES;
				COPY_PHASE_STRIP = NO;
				GCC_C_LANGUAGE_STANDARD = gnu99;
				GCC_DYNAMIC_NO_PIC = NO;
				GCC_ENABLE_OBJC_EXCEPTIONS = YES;
				GCC_OPTIMIZATION_LEVEL = 0;
				GCC_PREPROCESSOR_DEFINITIONS = (
					"DEBUG=1",
					"$(inherited)",
				);
				GCC_SYMBOLS_PRIVATE_EXTERN = NO;
				GCC_WARN_64_TO_32_BIT_CONVERSION = YES;
				GCC_WARN_ABOUT_RETURN_TYPE = YES_ERROR;
				GCC_WARN_UNDECLARED_SELECTOR = YES;
				GCC_WARN_UNINITIALIZED_AUTOS = YES;
				GCC_WARN_UNUSED_FUNCTION = YES;
				GCC_WARN_UNUSED_VARIABLE = YES;
				MACOSX_DEPLOYMENT_TARGET = 10.9;
				ONLY_ACTIVE_ARCH = YES;
				SDKROOT = macosx;
			};
			name = Debug;
		};
		B56B1306187BCC45006962F7 /* Release */ = {
			isa = XCBuildConfiguration;
			buildSettings = {
				ALWAYS_SEARCH_USER_PATHS = NO;
				CLANG_CXX_LANGUAGE_STANDARD = "gnu++0x";
				CLANG_CXX_LIBRARY = "libc++";
				CLANG_ENABLE_OBJC_ARC = YES;
				CLANG_WARN_BOOL_CONVERSION = YES;
				CLANG_WARN_CONSTANT_CONVERSION = YES;
				CLANG_WARN_DIRECT_OBJC_ISA_USAGE = YES_ERROR;
				CLANG_WARN_EMPTY_BODY = YES;
				CLANG_WARN_ENUM_CONVERSION = YES;
				CLANG_WARN_INT_CONVERSION = YES;
				CLANG_WARN_OBJC_ROOT_CLASS = YES_ERROR;
				CLANG_WARN__DUPLICATE_METHOD_MATCH = YES;
				COPY_PHASE_STRIP = YES;
				DEBUG_INFORMATION_FORMAT = "dwarf-with-dsym";
				ENABLE_NS_ASSERTIONS = NO;
				GCC_C_LANGUAGE_STANDARD = gnu99;
				GCC_ENABLE_OBJC_EXCEPTIONS = YES;
				GCC_WARN_64_TO_32_BIT_CONVERSION = YES;
				GCC_WARN_ABOUT_RETURN_TYPE = YES_ERROR;
				GCC_WARN_UNDECLARED_SELECTOR = YES;
				GCC_WARN_UNINITIALIZED_AUTOS = YES;
				GCC_WARN_UNUSED_FUNCTION = YES;
				GCC_WARN_UNUSED_VARIABLE = YES;
				MACOSX_DEPLOYMENT_TARGET = 10.9;
				SDKROOT = macosx;
			};
			name = Release;
		};
		B56B1308187BCC45006962F7 /* Debug */ = {
			isa = XCBuildConfiguration;
			baseConfigurationReference = B56B130B187BCCA5006962F7 /* llvm.xcconfig */;
			buildSettings = {
				HEADER_SEARCH_PATHS = (
					"\"$(inherited)\"",
					/Applications/Xcode.app/Contents/Developer/Toolchains/XcodeDefault.xctoolchain/usr/include,
					"/opt/boost-1.55.0",
					"/opt/llvm-3.4/include",
				);
				LIBRARY_SEARCH_PATHS = "/opt/boost-1.55.0/stage/lib";
				OTHER_CPLUSPLUSFLAGS = (
					"$(OTHER_CFLAGS)",
					"$(LLVM_CXXFLAGS)",
				);
				OTHER_LDFLAGS = "$(LLVM_LDFLAGS)";
				PRODUCT_NAME = "$(TARGET_NAME)";
			};
			name = Debug;
		};
		B56B1309187BCC45006962F7 /* Release */ = {
			isa = XCBuildConfiguration;
			baseConfigurationReference = B56B130B187BCCA5006962F7 /* llvm.xcconfig */;
			buildSettings = {
				HEADER_SEARCH_PATHS = (
					"\"$(inherited)\"",
					/Applications/Xcode.app/Contents/Developer/Toolchains/XcodeDefault.xctoolchain/usr/include,
					"/opt/boost-1.55.0",
					"/opt/llvm-3.4/include",
				);
				LIBRARY_SEARCH_PATHS = "/opt/boost-1.55.0/stage/lib";
				OTHER_CPLUSPLUSFLAGS = (
					"$(OTHER_CFLAGS)",
					"$(LLVM_CXXFLAGS)",
				);
				OTHER_LDFLAGS = "$(LLVM_LDFLAGS)";
				PRODUCT_NAME = "$(TARGET_NAME)";
			};
			name = Release;
		};
/* End XCBuildConfiguration section */

/* Begin XCConfigurationList section */
		B56B12F9187BCC45006962F7 /* Build configuration list for PBXProject "as65" */ = {
			isa = XCConfigurationList;
			buildConfigurations = (
				B56B1305187BCC45006962F7 /* Debug */,
				B56B1306187BCC45006962F7 /* Release */,
			);
			defaultConfigurationIsVisible = 0;
			defaultConfigurationName = Release;
		};
		B56B1307187BCC45006962F7 /* Build configuration list for PBXNativeTarget "as65" */ = {
			isa = XCConfigurationList;
			buildConfigurations = (
				B56B1308187BCC45006962F7 /* Debug */,
				B56B1309187BCC45006962F7 /* Release */,
			);
			defaultConfigurationIsVisible = 0;
			defaultConfigurationName = Release;
		};
/* End XCConfigurationList section */
	};
	rootObject = B56B12F6187BCC45006962F7 /* Project object */;
}
